
Microsoft Visual Studio Solution File, Format Version 12.00
# Visual Studio Version 17
VisualStudioVersion = 17.5.2.0
MinimumVisualStudioVersion = 10.0.40219.1
Project("{FAE04EC0-301F-11D3-BF4B-00C04F79EFBC}") = "BgClubApi", "src\BgClubApi.csproj", "{589A412A-610E-0FC3-7B39-4C9877F56ADF}"
EndProject
Project("{2150E333-8FDC-42A3-9474-1A3956D46DE8}") = "tests", "tests", "{0AB3BF05-4346-4AA6-1389-037BE0695223}"
EndProject
Project("{FAE04EC0-301F-11D3-BF4B-00C04F79EFBC}") = "BgClubApi_Tests", "tests\BgClubApi_Tests\BgClubApi_Tests.csproj", "{80A56685-65B8-4589-9EF0-B9FBED3441A5}"
EndProject
Global
	GlobalSection(SolutionConfigurationPlatforms) = preSolution
		Debug|Any CPU = Debug|Any CPU
		Debug|x64 = Debug|x64
		Debug|x86 = Debug|x86
		Release|Any CPU = Release|Any CPU
		Release|x64 = Release|x64
		Release|x86 = Release|x86
	EndGlobalSection
	GlobalSection(ProjectConfigurationPlatforms) = postSolution
		{589A412A-610E-0FC3-7B39-4C9877F56ADF}.Debug|Any CPU.ActiveCfg = Debug|Any CPU
		{589A412A-610E-0FC3-7B39-4C9877F56ADF}.Debug|Any CPU.Build.0 = Debug|Any CPU
		{589A412A-610E-0FC3-7B39-4C9877F56ADF}.Debug|x64.ActiveCfg = Debug|Any CPU
		{589A412A-610E-0FC3-7B39-4C9877F56ADF}.Debug|x64.Build.0 = Debug|Any CPU
		{589A412A-610E-0FC3-7B39-4C9877F56ADF}.Debug|x86.ActiveCfg = Debug|Any CPU
		{589A412A-610E-0FC3-7B39-4C9877F56ADF}.Debug|x86.Build.0 = Debug|Any CPU
		{589A412A-610E-0FC3-7B39-4C9877F56ADF}.Release|Any CPU.ActiveCfg = Release|Any CPU
		{589A412A-610E-0FC3-7B39-4C9877F56ADF}.Release|Any CPU.Build.0 = Release|Any CPU
		{589A412A-610E-0FC3-7B39-4C9877F56ADF}.Release|x64.ActiveCfg = Release|Any CPU
		{589A412A-610E-0FC3-7B39-4C9877F56ADF}.Release|x64.Build.0 = Release|Any CPU
		{589A412A-610E-0FC3-7B39-4C9877F56ADF}.Release|x86.ActiveCfg = Release|Any CPU
		{589A412A-610E-0FC3-7B39-4C9877F56ADF}.Release|x86.Build.0 = Release|Any CPU
		{80A56685-65B8-4589-9EF0-B9FBED3441A5}.Debug|Any CPU.ActiveCfg = Debug|Any CPU
		{80A56685-65B8-4589-9EF0-B9FBED3441A5}.Debug|Any CPU.Build.0 = Debug|Any CPU
		{80A56685-65B8-4589-9EF0-B9FBED3441A5}.Debug|x64.ActiveCfg = Debug|Any CPU
		{80A56685-65B8-4589-9EF0-B9FBED3441A5}.Debug|x64.Build.0 = Debug|Any CPU
		{80A56685-65B8-4589-9EF0-B9FBED3441A5}.Debug|x86.ActiveCfg = Debug|Any CPU
		{80A56685-65B8-4589-9EF0-B9FBED3441A5}.Debug|x86.Build.0 = Debug|Any CPU
		{80A56685-65B8-4589-9EF0-B9FBED3441A5}.Release|Any CPU.ActiveCfg = Release|Any CPU
		{80A56685-65B8-4589-9EF0-B9FBED3441A5}.Release|Any CPU.Build.0 = Release|Any CPU
		{80A56685-65B8-4589-9EF0-B9FBED3441A5}.Release|x64.ActiveCfg = Release|Any CPU
		{80A56685-65B8-4589-9EF0-B9FBED3441A5}.Release|x64.Build.0 = Release|Any CPU
		{80A56685-65B8-4589-9EF0-B9FBED3441A5}.Release|x86.ActiveCfg = Release|Any CPU
		{80A56685-65B8-4589-9EF0-B9FBED3441A5}.Release|x86.Build.0 = Release|Any CPU
	EndGlobalSection
	GlobalSection(SolutionProperties) = preSolution
		HideSolutionNode = FALSE
	EndGlobalSection
	GlobalSection(NestedProjects) = preSolution
		{80A56685-65B8-4589-9EF0-B9FBED3441A5} = {0AB3BF05-4346-4AA6-1389-037BE0695223}
	EndGlobalSection
	GlobalSection(ExtensibilityGlobals) = postSolution
		SolutionGuid = {BF6F7444-9B97-4DC4-A33C-7EF3DAE254D2}
	EndGlobalSection
EndGlobal
