Microsoft Visual Studio Solution File, Format Version 12.00
# Visual Studio Version 17
VisualStudioVersion = 17.5.2.0
MinimumVisualStudioVersion = 10.0.40219.1
Project("{FAE04EC0-301F-11D3-BF4B-00C04F79EFBC}") = "BgClubApi", "BgClubApi.csproj", "{589A412A-610E-0FC3-7B39-4C9877F56ADF}"
EndProject
Global
	GlobalSection(SolutionConfigurationPlatforms) = preSolution
		Debug|Any CPU = Debug|Any CPU
		Release|Any CPU = Release|Any CPU
	EndGlobalSection
	GlobalSection(ProjectConfigurationPlatforms) = postSolution
		{589A412A-610E-0FC3-7B39-4C9877F56ADF}.Debug|Any CPU.ActiveCfg = Debug|Any CPU
		{589A412A-610E-0FC3-7B39-4C9877F56ADF}.Debug|Any CPU.Build.0 = Debug|Any CPU
		{589A412A-610E-0FC3-7B39-4C9877F56ADF}.Release|Any CPU.ActiveCfg = Release|Any CPU
		{589A412A-610E-0FC3-7B39-4C9877F56ADF}.Release|Any CPU.Build.0 = Release|Any CPU
	EndGlobalSection
	GlobalSection(SolutionProperties) = preSolution
		HideSolutionNode = FALSE
	EndGlobalSection
	GlobalSection(ExtensibilityGlobals) = postSolution
		SolutionGuid = {BF6F7444-9B97-4DC4-A33C-7EF3DAE254D2}
	EndGlobalSection
EndGlobal
